
Microsoft Visual Studio Solution File, Format Version 12.00
# Visual Studio Version 16
VisualStudioVersion = 16.0.31911.196
MinimumVisualStudioVersion = 10.0.40219.1
Project("{9A19103F-16F7-4668-BE54-9A1E7A4F7556}") = "XBank", "XBank\XBank.csproj", "{01B7C6FC-BFBA-4641-9A1D-EE608A39C8D1}"
EndProject
Project("{9A19103F-16F7-4668-BE54-9A1E7A4F7556}") = "XBank.Domain", "XBank.Domain\XBank.Domain.csproj", "{A2E77520-FB41-4A9A-B05A-6A3480615631}"
EndProject
Project("{9A19103F-16F7-4668-BE54-9A1E7A4F7556}") = "XBank.Application", "XBank.Application\XBank.Application.csproj", "{DDD184A7-3446-4795-927C-4A8B38C3FCBE}"
EndProject
Project("{9A19103F-16F7-4668-BE54-9A1E7A4F7556}") = "XBank.Repository", "XBank.Repository\XBank.Repository.csproj", "{DA327B05-FFAA-43C3-A8F3-8D31B132C9C2}"
EndProject
Project("{9A19103F-16F7-4668-BE54-9A1E7A4F7556}") = "XBank.CrossCutting", "XBank.CrossCutting\XBank.CrossCutting.csproj", "{B742BF40-5AF1-432D-897E-ED4661EECABD}"
EndProject
Project("{FAE04EC0-301F-11D3-BF4B-00C04F79EFBC}") = "XBank.Tests", "XBank.Tests\XBank.Tests.csproj", "{2B1A0590-17A8-4D53-B0D3-EABA809F05F7}"
EndProject
Global
	GlobalSection(SolutionConfigurationPlatforms) = preSolution
		Debug|Any CPU = Debug|Any CPU
		Release|Any CPU = Release|Any CPU
	EndGlobalSection
	GlobalSection(ProjectConfigurationPlatforms) = postSolution
		{01B7C6FC-BFBA-4641-9A1D-EE608A39C8D1}.Debug|Any CPU.ActiveCfg = Debug|Any CPU
		{01B7C6FC-BFBA-4641-9A1D-EE608A39C8D1}.Debug|Any CPU.Build.0 = Debug|Any CPU
		{01B7C6FC-BFBA-4641-9A1D-EE608A39C8D1}.Release|Any CPU.ActiveCfg = Release|Any CPU
		{01B7C6FC-BFBA-4641-9A1D-EE608A39C8D1}.Release|Any CPU.Build.0 = Release|Any CPU
		{A2E77520-FB41-4A9A-B05A-6A3480615631}.Debug|Any CPU.ActiveCfg = Debug|Any CPU
		{A2E77520-FB41-4A9A-B05A-6A3480615631}.Debug|Any CPU.Build.0 = Debug|Any CPU
		{A2E77520-FB41-4A9A-B05A-6A3480615631}.Release|Any CPU.ActiveCfg = Release|Any CPU
		{A2E77520-FB41-4A9A-B05A-6A3480615631}.Release|Any CPU.Build.0 = Release|Any CPU
		{DDD184A7-3446-4795-927C-4A8B38C3FCBE}.Debug|Any CPU.ActiveCfg = Debug|Any CPU
		{DDD184A7-3446-4795-927C-4A8B38C3FCBE}.Debug|Any CPU.Build.0 = Debug|Any CPU
		{DDD184A7-3446-4795-927C-4A8B38C3FCBE}.Release|Any CPU.ActiveCfg = Release|Any CPU
		{DDD184A7-3446-4795-927C-4A8B38C3FCBE}.Release|Any CPU.Build.0 = Release|Any CPU
		{DA327B05-FFAA-43C3-A8F3-8D31B132C9C2}.Debug|Any CPU.ActiveCfg = Debug|Any CPU
		{DA327B05-FFAA-43C3-A8F3-8D31B132C9C2}.Debug|Any CPU.Build.0 = Debug|Any CPU
		{DA327B05-FFAA-43C3-A8F3-8D31B132C9C2}.Release|Any CPU.ActiveCfg = Release|Any CPU
		{DA327B05-FFAA-43C3-A8F3-8D31B132C9C2}.Release|Any CPU.Build.0 = Release|Any CPU
		{B742BF40-5AF1-432D-897E-ED4661EECABD}.Debug|Any CPU.ActiveCfg = Debug|Any CPU
		{B742BF40-5AF1-432D-897E-ED4661EECABD}.Debug|Any CPU.Build.0 = Debug|Any CPU
		{B742BF40-5AF1-432D-897E-ED4661EECABD}.Release|Any CPU.ActiveCfg = Release|Any CPU
		{B742BF40-5AF1-432D-897E-ED4661EECABD}.Release|Any CPU.Build.0 = Release|Any CPU
		{2B1A0590-17A8-4D53-B0D3-EABA809F05F7}.Debug|Any CPU.ActiveCfg = Debug|Any CPU
		{2B1A0590-17A8-4D53-B0D3-EABA809F05F7}.Debug|Any CPU.Build.0 = Debug|Any CPU
		{2B1A0590-17A8-4D53-B0D3-EABA809F05F7}.Release|Any CPU.ActiveCfg = Release|Any CPU
		{2B1A0590-17A8-4D53-B0D3-EABA809F05F7}.Release|Any CPU.Build.0 = Release|Any CPU
	EndGlobalSection
	GlobalSection(SolutionProperties) = preSolution
		HideSolutionNode = FALSE
	EndGlobalSection
	GlobalSection(ExtensibilityGlobals) = postSolution
		SolutionGuid = {64247906-90F6-48E8-8F22-952BC4969B90}
	EndGlobalSection
EndGlobal
